
Microsoft Visual Studio Solution File, Format Version 12.00
# Visual Studio Version 17
VisualStudioVersion = 17.7.34221.43
MinimumVisualStudioVersion = 10.0.40219.1
Project("{FAE04EC0-301F-11D3-BF4B-00C04F79EFBC}") = "WPF", "WPF\WPF.csproj", "{30B9AA99-4B7F-4E31-9F57-57EFF2F62581}"
EndProject
Project("{FAE04EC0-301F-11D3-BF4B-00C04F79EFBC}") = "API", "API\API.csproj", "{BEA8CB30-E105-45F7-BF09-84AA03AC81DC}"
EndProject
Project("{FAE04EC0-301F-11D3-BF4B-00C04F79EFBC}") = "Models", "Models\Models.csproj", "{28E37D3C-D046-4B77-9DA0-6B14B26F4088}"
EndProject
Project("{FAE04EC0-301F-11D3-BF4B-00C04F79EFBC}") = "APITestProject", "APITestProject\APITestProject.csproj", "{627024F4-089D-4C00-AA1B-83A513B67962}"
EndProject
Global
	GlobalSection(SolutionConfigurationPlatforms) = preSolution
		Debug|Any CPU = Debug|Any CPU
		Release|Any CPU = Release|Any CPU
	EndGlobalSection
	GlobalSection(ProjectConfigurationPlatforms) = postSolution
		{30B9AA99-4B7F-4E31-9F57-57EFF2F62581}.Debug|Any CPU.ActiveCfg = Debug|Any CPU
		{30B9AA99-4B7F-4E31-9F57-57EFF2F62581}.Debug|Any CPU.Build.0 = Debug|Any CPU
		{30B9AA99-4B7F-4E31-9F57-57EFF2F62581}.Release|Any CPU.ActiveCfg = Release|Any CPU
		{30B9AA99-4B7F-4E31-9F57-57EFF2F62581}.Release|Any CPU.Build.0 = Release|Any CPU
		{BEA8CB30-E105-45F7-BF09-84AA03AC81DC}.Debug|Any CPU.ActiveCfg = Debug|Any CPU
		{BEA8CB30-E105-45F7-BF09-84AA03AC81DC}.Debug|Any CPU.Build.0 = Debug|Any CPU
		{BEA8CB30-E105-45F7-BF09-84AA03AC81DC}.Release|Any CPU.ActiveCfg = Release|Any CPU
		{BEA8CB30-E105-45F7-BF09-84AA03AC81DC}.Release|Any CPU.Build.0 = Release|Any CPU
		{28E37D3C-D046-4B77-9DA0-6B14B26F4088}.Debug|Any CPU.ActiveCfg = Debug|Any CPU
		{28E37D3C-D046-4B77-9DA0-6B14B26F4088}.Debug|Any CPU.Build.0 = Debug|Any CPU
		{28E37D3C-D046-4B77-9DA0-6B14B26F4088}.Release|Any CPU.ActiveCfg = Release|Any CPU
		{28E37D3C-D046-4B77-9DA0-6B14B26F4088}.Release|Any CPU.Build.0 = Release|Any CPU
		{627024F4-089D-4C00-AA1B-83A513B67962}.Debug|Any CPU.ActiveCfg = Debug|Any CPU
		{627024F4-089D-4C00-AA1B-83A513B67962}.Debug|Any CPU.Build.0 = Debug|Any CPU
		{627024F4-089D-4C00-AA1B-83A513B67962}.Release|Any CPU.ActiveCfg = Release|Any CPU
		{627024F4-089D-4C00-AA1B-83A513B67962}.Release|Any CPU.Build.0 = Release|Any CPU
	EndGlobalSection
	GlobalSection(SolutionProperties) = preSolution
		HideSolutionNode = FALSE
	EndGlobalSection
	GlobalSection(ExtensibilityGlobals) = postSolution
		SolutionGuid = {3DA83B02-B7BC-499C-BD6A-9442EE7A8047}
	EndGlobalSection
EndGlobal
